// !$*UTF8*$!
{
	archiveVersion = 1;
	classes = {
	};
	objectVersion = 73;
	objects = {

/* Begin PBXBuildFile section */
		172CA8602D9D721700CF6989 /* dyld_bypass_validation.m in Sources */ = {isa = PBXBuildFile; fileRef = 172CA8542D9D721700CF6989 /* dyld_bypass_validation.m */; };
		172CA8612D9D721700CF6989 /* Localization.m in Sources */ = {isa = PBXBuildFile; fileRef = 172CA8592D9D721700CF6989 /* Localization.m */; };
		172CA8622D9D721700CF6989 /* LCSharedUtils.m in Sources */ = {isa = PBXBuildFile; fileRef = 172CA8572D9D721700CF6989 /* LCSharedUtils.m */; };
		172CA8632D9D721700CF6989 /* main.m in Sources */ = {isa = PBXBuildFile; fileRef = 172CA85A2D9D721700CF6989 /* main.m */; };
		172CA8642D9D721700CF6989 /* utils.m in Sources */ = {isa = PBXBuildFile; fileRef = 172CA85E2D9D721700CF6989 /* utils.m */; };
		17413FBC2D9C0BAE00F3F928 /* LiveContainerSwiftUI.framework in Embed Frameworks */ = {isa = PBXBuildFile; fileRef = 17413FB52D9C0BAE00F3F928 /* LiveContainerSwiftUI.framework */; settings = {ATTRIBUTES = (CodeSignOnCopy, RemoveHeadersOnCopy, ); }; };
		174140902D9C0E8200F3F928 /* TweakLoader.dylib in Embed Frameworks */ = {isa = PBXBuildFile; fileRef = 1741403A2D9C0D0000F3F928 /* TweakLoader.dylib */; settings = {ATTRIBUTES = (CodeSignOnCopy, ); }; };
		174140942D9C0E8200F3F928 /* ZSign.dylib in Embed Frameworks */ = {isa = PBXBuildFile; fileRef = 174140542D9C0D6D00F3F928 /* ZSign.dylib */; settings = {ATTRIBUTES = (CodeSignOnCopy, ); }; };
		174140BA2D9C0F9100F3F928 /* TestJITLess.dylib in Embed Frameworks */ = {isa = PBXBuildFile; fileRef = 174140AD2D9C0F4100F3F928 /* TestJITLess.dylib */; };
		174140D62D9C176F00F3F928 /* libarchive.tbd in Frameworks */ = {isa = PBXBuildFile; fileRef = 174140D52D9C176700F3F928 /* libarchive.tbd */; };
		1741410D2D9C35F100F3F928 /* AltStoreTweak.dylib in Embed Frameworks */ = {isa = PBXBuildFile; fileRef = 1741409B2D9C0EDD00F3F928 /* AltStoreTweak.dylib */; };
		17554B732DA16988004C6D90 /* OpenSSL.xcframework in Embed Frameworks */ = {isa = PBXBuildFile; fileRef = 17554B712DA16988004C6D90 /* OpenSSL.xcframework */; settings = {ATTRIBUTES = (CodeSignOnCopy, RemoveHeadersOnCopy, ); }; };
		17554B742DA169AA004C6D90 /* OpenSSL.xcframework in Frameworks */ = {isa = PBXBuildFile; fileRef = 17554B712DA16988004C6D90 /* OpenSSL.xcframework */; };
/* End PBXBuildFile section */

/* Begin PBXContainerItemProxy section */
		174140F92D9C1EDA00F3F928 /* PBXContainerItemProxy */ = {
			isa = PBXContainerItemProxy;
			containerPortal = 17DCE9952C7067EC00731D42 /* Project object */;
			proxyType = 1;
			remoteGlobalIDString = 17413FB42D9C0BAE00F3F928;
			remoteInfo = LiveContainerSwiftUI;
		};
		174140FD2D9C1EDA00F3F928 /* PBXContainerItemProxy */ = {
			isa = PBXContainerItemProxy;
			containerPortal = 17DCE9952C7067EC00731D42 /* Project object */;
			proxyType = 1;
			remoteGlobalIDString = 174140392D9C0D0000F3F928;
			remoteInfo = TweakLoader;
		};
		174140FF2D9C1EDA00F3F928 /* PBXContainerItemProxy */ = {
			isa = PBXContainerItemProxy;
			containerPortal = 17DCE9952C7067EC00731D42 /* Project object */;
			proxyType = 1;
			remoteGlobalIDString = 174140532D9C0D6D00F3F928;
			remoteInfo = ZSign;
		};
		1741410E2D9C35F200F3F928 /* PBXContainerItemProxy */ = {
			isa = PBXContainerItemProxy;
			containerPortal = 17DCE9952C7067EC00731D42 /* Project object */;
			proxyType = 1;
			remoteGlobalIDString = 1741409A2D9C0EDD00F3F928;
			remoteInfo = AltStoreTweak;
		};
/* End PBXContainerItemProxy section */

/* Begin PBXCopyFilesBuildPhase section */
		17413FC12D9C0BAE00F3F928 /* Embed Frameworks */ = {
			isa = PBXCopyFilesBuildPhase;
			buildActionMask = 12;
			dstPath = "";
			dstSubfolderSpec = 10;
			files = (
				174140902D9C0E8200F3F928 /* TweakLoader.dylib in Embed Frameworks */,
				174140BA2D9C0F9100F3F928 /* TestJITLess.dylib in Embed Frameworks */,
				17554B732DA16988004C6D90 /* OpenSSL.xcframework in Embed Frameworks */,
				17413FBC2D9C0BAE00F3F928 /* LiveContainerSwiftUI.framework in Embed Frameworks */,
				1741410D2D9C35F100F3F928 /* AltStoreTweak.dylib in Embed Frameworks */,
				174140942D9C0E8200F3F928 /* ZSign.dylib in Embed Frameworks */,
			);
			name = "Embed Frameworks";
			runOnlyForDeploymentPostprocessing = 0;
		};
		17554B762DA169AA004C6D90 /* Embed Frameworks */ = {
			isa = PBXCopyFilesBuildPhase;
			buildActionMask = 2147483647;
			dstPath = "";
			dstSubfolderSpec = 10;
			files = (
			);
			name = "Embed Frameworks";
			runOnlyForDeploymentPostprocessing = 0;
		};
		17DCE9D92C7067ED00731D42 /* Embed Foundation Extensions */ = {
			isa = PBXCopyFilesBuildPhase;
			buildActionMask = 2147483647;
			dstPath = "";
			dstSubfolderSpec = 13;
			files = (
			);
			name = "Embed Foundation Extensions";
			runOnlyForDeploymentPostprocessing = 0;
		};
/* End PBXCopyFilesBuildPhase section */

/* Begin PBXFileReference section */
		172CA84E2D9D721700CF6989 /* ALTAccount.h */ = {isa = PBXFileReference; lastKnownFileType = sourcecode.c.h; path = ALTAccount.h; sourceTree = "<group>"; };
		172CA84F2D9D721700CF6989 /* ALTCertificate.h */ = {isa = PBXFileReference; lastKnownFileType = sourcecode.c.h; path = ALTCertificate.h; sourceTree = "<group>"; };
		172CA8502D9D721700CF6989 /* ALTProvisioningProfile.h */ = {isa = PBXFileReference; lastKnownFileType = sourcecode.c.h; path = ALTProvisioningProfile.h; sourceTree = "<group>"; };
		172CA8512D9D721700CF6989 /* ALTSigner.h */ = {isa = PBXFileReference; lastKnownFileType = sourcecode.c.h; path = ALTSigner.h; sourceTree = "<group>"; };
		172CA8522D9D721700CF6989 /* ALTTeam.h */ = {isa = PBXFileReference; lastKnownFileType = sourcecode.c.h; path = ALTTeam.h; sourceTree = "<group>"; };
		172CA8542D9D721700CF6989 /* dyld_bypass_validation.m */ = {isa = PBXFileReference; lastKnownFileType = sourcecode.c.objc; path = dyld_bypass_validation.m; sourceTree = "<group>"; };
		172CA8552D9D721700CF6989 /* FoundationPrivate.h */ = {isa = PBXFileReference; lastKnownFileType = sourcecode.c.h; path = FoundationPrivate.h; sourceTree = "<group>"; };
		172CA8562D9D721700CF6989 /* LCSharedUtils.h */ = {isa = PBXFileReference; lastKnownFileType = sourcecode.c.h; path = LCSharedUtils.h; sourceTree = "<group>"; };
		172CA8572D9D721700CF6989 /* LCSharedUtils.m */ = {isa = PBXFileReference; lastKnownFileType = sourcecode.c.objc; path = LCSharedUtils.m; sourceTree = "<group>"; };
		172CA8582D9D721700CF6989 /* Localization.h */ = {isa = PBXFileReference; lastKnownFileType = sourcecode.c.h; path = Localization.h; sourceTree = "<group>"; };
		172CA8592D9D721700CF6989 /* Localization.m */ = {isa = PBXFileReference; lastKnownFileType = sourcecode.c.objc; path = Localization.m; sourceTree = "<group>"; };
		172CA85A2D9D721700CF6989 /* main.m */ = {isa = PBXFileReference; lastKnownFileType = sourcecode.c.objc; path = main.m; sourceTree = "<group>"; };
		172CA85B2D9D721700CF6989 /* TPRO.h */ = {isa = PBXFileReference; lastKnownFileType = sourcecode.c.h; path = TPRO.h; sourceTree = "<group>"; };
		172CA85C2D9D721700CF6989 /* UIKitPrivate.h */ = {isa = PBXFileReference; lastKnownFileType = sourcecode.c.h; path = UIKitPrivate.h; sourceTree = "<group>"; };
		172CA85D2D9D721700CF6989 /* utils.h */ = {isa = PBXFileReference; lastKnownFileType = sourcecode.c.h; path = utils.h; sourceTree = "<group>"; };
		172CA85E2D9D721700CF6989 /* utils.m */ = {isa = PBXFileReference; lastKnownFileType = sourcecode.c.objc; path = utils.m; sourceTree = "<group>"; };
		172CA8652D9D723200CF6989 /* entitlements.xml */ = {isa = PBXFileReference; lastKnownFileType = text.xml; path = entitlements.xml; sourceTree = "<group>"; };
		17413FB52D9C0BAE00F3F928 /* LiveContainerSwiftUI.framework */ = {isa = PBXFileReference; explicitFileType = wrapper.framework; includeInIndex = 0; path = LiveContainerSwiftUI.framework; sourceTree = BUILT_PRODUCTS_DIR; };
		1741403A2D9C0D0000F3F928 /* TweakLoader.dylib */ = {isa = PBXFileReference; explicitFileType = "compiled.mach-o.dylib"; includeInIndex = 0; path = TweakLoader.dylib; sourceTree = BUILT_PRODUCTS_DIR; };
		174140542D9C0D6D00F3F928 /* ZSign.dylib */ = {isa = PBXFileReference; explicitFileType = "compiled.mach-o.dylib"; includeInIndex = 0; path = ZSign.dylib; sourceTree = BUILT_PRODUCTS_DIR; };
		1741409B2D9C0EDD00F3F928 /* AltStoreTweak.dylib */ = {isa = PBXFileReference; explicitFileType = "compiled.mach-o.dylib"; includeInIndex = 0; path = AltStoreTweak.dylib; sourceTree = BUILT_PRODUCTS_DIR; };
		174140AD2D9C0F4100F3F928 /* TestJITLess.dylib */ = {isa = PBXFileReference; explicitFileType = "compiled.mach-o.dylib"; includeInIndex = 0; path = TestJITLess.dylib; sourceTree = BUILT_PRODUCTS_DIR; };
		174140D52D9C176700F3F928 /* libarchive.tbd */ = {isa = PBXFileReference; lastKnownFileType = "sourcecode.text-based-dylib-definition"; name = libarchive.tbd; path = Platforms/MacOSX.platform/Developer/SDKs/MacOSX15.2.sdk/usr/lib/libarchive.tbd; sourceTree = DEVELOPER_DIR; };
		17554B712DA16988004C6D90 /* OpenSSL.xcframework */ = {isa = PBXFileReference; expectedSignature = "AppleDeveloperProgram:67RAULRX93:Marcin Krzyzanowski"; lastKnownFileType = wrapper.xcframework; name = OpenSSL.xcframework; path = OpenSSL/Frameworks/OpenSSL.xcframework; sourceTree = "<group>"; };
		17DCE99D2C7067EC00731D42 /* LiveContainer.app */ = {isa = PBXFileReference; explicitFileType = wrapper.application; includeInIndex = 0; path = LiveContainer.app; sourceTree = BUILT_PRODUCTS_DIR; };
/* End PBXFileReference section */

/* Begin PBXFileSystemSynchronizedBuildFileExceptionSet section */
		172CA8B42D9D74A700CF6989 /* PBXFileSystemSynchronizedBuildFileExceptionSet */ = {
			isa = PBXFileSystemSynchronizedBuildFileExceptionSet;
			membershipExceptions = (
				CODE_OF_CONDUCT.md,
				CONTRIBUTING.md,
				fishhook.podspec,
				LICENSE,
				README.md,
			);
			target = 17DCE99C2C7067EC00731D42 /* LiveContainer */;
		};
		172CA8BD2D9D74B700CF6989 /* PBXFileSystemSynchronizedBuildFileExceptionSet */ = {
			isa = PBXFileSystemSynchronizedBuildFileExceptionSet;
			membershipExceptions = (
				AppIcon60x60_2.png,
				AppIcon60x60.png,
				AppIcon76x76_2.png,
				AppIcon76x76.png,
				Assets.xcassets,
				DefaultIcon.png,
				Localizable.xcstrings,
				Settings.bundle,
			);
			target = 17DCE99C2C7067EC00731D42 /* LiveContainer */;
		};
		174140F52D9C1C9B00F3F928 /* PBXFileSystemSynchronizedBuildFileExceptionSet */ = {
			isa = PBXFileSystemSynchronizedBuildFileExceptionSet;
			membershipExceptions = (
				DocumentPicker.m,
				FBSSerialQueue.m,
				TweakLoader.m,
				"UIKit+GuestHooks.m",
				utils.m,
			);
			target = 174140392D9C0D0000F3F928 /* TweakLoader */;
		};
/* End PBXFileSystemSynchronizedBuildFileExceptionSet section */

/* Begin PBXFileSystemSynchronizedGroupBuildPhaseMembershipExceptionSet section */
		172CA8BE2D9D74B700CF6989 /* PBXFileSystemSynchronizedGroupBuildPhaseMembershipExceptionSet */ = {
			isa = PBXFileSystemSynchronizedGroupBuildPhaseMembershipExceptionSet;
			buildPhase = 17DCE99B2C7067EC00731D42 /* Resources */;
			membershipExceptions = (
				Frameworks/CydiaSubstrate.framework,
			);
		};
		172CA8C32D9D76AD00CF6989 /* PBXFileSystemSynchronizedGroupBuildPhaseMembershipExceptionSet */ = {
			isa = PBXFileSystemSynchronizedGroupBuildPhaseMembershipExceptionSet;
			attributesByRelativePath = {
				Frameworks/CydiaSubstrate.framework = (
					CodeSignOnCopy,
					RemoveHeadersOnCopy,
				);
			};
			buildPhase = 17413FC12D9C0BAE00F3F928 /* Embed Frameworks */;
			membershipExceptions = (
				Frameworks/CydiaSubstrate.framework,
			);
		};
		174140F62D9C1C9B00F3F928 /* PBXFileSystemSynchronizedGroupBuildPhaseMembershipExceptionSet */ = {
			isa = PBXFileSystemSynchronizedGroupBuildPhaseMembershipExceptionSet;
			buildPhase = 174140372D9C0D0000F3F928 /* Sources */;
			membershipExceptions = (
				utils.h,
			);
		};
/* End PBXFileSystemSynchronizedGroupBuildPhaseMembershipExceptionSet section */

/* Begin PBXFileSystemSynchronizedRootGroup section */
		172CA8992D9D72C300CF6989 /* Resources */ = {isa = PBXFileSystemSynchronizedRootGroup; exceptions = (172CA8BD2D9D74B700CF6989 /* PBXFileSystemSynchronizedBuildFileExceptionSet */, 172CA8BE2D9D74B700CF6989 /* PBXFileSystemSynchronizedGroupBuildPhaseMembershipExceptionSet */, 172CA8C32D9D76AD00CF6989 /* PBXFileSystemSynchronizedGroupBuildPhaseMembershipExceptionSet */, ); explicitFileTypes = {}; explicitFolders = (); path = Resources; sourceTree = "<group>"; };
		172CA8A02D9D73D800CF6989 /* Tweaks */ = {isa = PBXFileSystemSynchronizedRootGroup; explicitFileTypes = {}; explicitFolders = (); path = Tweaks; sourceTree = "<group>"; };
		172CA8AD2D9D741F00CF6989 /* fishhook */ = {isa = PBXFileSystemSynchronizedRootGroup; exceptions = (172CA8B42D9D74A700CF6989 /* PBXFileSystemSynchronizedBuildFileExceptionSet */, ); explicitFileTypes = {}; explicitFolders = (); path = fishhook; sourceTree = "<group>"; };
		17413FB62D9C0BAE00F3F928 /* LiveContainerSwiftUI */ = {isa = PBXFileSystemSynchronizedRootGroup; explicitFileTypes = {}; explicitFolders = (); path = LiveContainerSwiftUI; sourceTree = "<group>"; };
		174140162D9C0C1B00F3F928 /* TweakLoader */ = {isa = PBXFileSystemSynchronizedRootGroup; exceptions = (174140F52D9C1C9B00F3F928 /* PBXFileSystemSynchronizedBuildFileExceptionSet */, 174140F62D9C1C9B00F3F928 /* PBXFileSystemSynchronizedGroupBuildPhaseMembershipExceptionSet */, ); explicitFileTypes = {}; explicitFolders = (); path = TweakLoader; sourceTree = "<group>"; };
		174140552D9C0D6D00F3F928 /* ZSign */ = {isa = PBXFileSystemSynchronizedRootGroup; explicitFileTypes = {}; explicitFolders = (); path = ZSign; sourceTree = "<group>"; };
		1741409C2D9C0EDD00F3F928 /* AltStoreTweak */ = {isa = PBXFileSystemSynchronizedRootGroup; explicitFileTypes = {}; explicitFolders = (); path = AltStoreTweak; sourceTree = "<group>"; };
		174140AE2D9C0F4100F3F928 /* TestJITLess */ = {isa = PBXFileSystemSynchronizedRootGroup; explicitFileTypes = {}; explicitFolders = (); path = TestJITLess; sourceTree = "<group>"; };
/* End PBXFileSystemSynchronizedRootGroup section */

/* Begin PBXFrameworksBuildPhase section */
		17413FB22D9C0BAE00F3F928 /* Frameworks */ = {
			isa = PBXFrameworksBuildPhase;
			buildActionMask = 2147483647;
			files = (
				174140D62D9C176F00F3F928 /* libarchive.tbd in Frameworks */,
			);
			runOnlyForDeploymentPostprocessing = 0;
		};
		174140382D9C0D0000F3F928 /* Frameworks */ = {
			isa = PBXFrameworksBuildPhase;
			buildActionMask = 2147483647;
			files = (
			);
			runOnlyForDeploymentPostprocessing = 0;
		};
		174140522D9C0D6D00F3F928 /* Frameworks */ = {
			isa = PBXFrameworksBuildPhase;
			buildActionMask = 2147483647;
			files = (
				17554B742DA169AA004C6D90 /* OpenSSL.xcframework in Frameworks */,
			);
			runOnlyForDeploymentPostprocessing = 0;
		};
		174140992D9C0EDD00F3F928 /* Frameworks */ = {
			isa = PBXFrameworksBuildPhase;
			buildActionMask = 2147483647;
			files = (
			);
			runOnlyForDeploymentPostprocessing = 0;
		};
		174140AB2D9C0F4100F3F928 /* Frameworks */ = {
			isa = PBXFrameworksBuildPhase;
			buildActionMask = 2147483647;
			files = (
			);
			runOnlyForDeploymentPostprocessing = 0;
		};
		17554B6A2DA165D8004C6D90 /* Frameworks */ = {
			isa = PBXFrameworksBuildPhase;
			buildActionMask = 2147483647;
			files = (
			);
			runOnlyForDeploymentPostprocessing = 0;
		};
/* End PBXFrameworksBuildPhase section */

/* Begin PBXGroup section */
		172CA8532D9D721700CF6989 /* AltStoreCore */ = {
			isa = PBXGroup;
			children = (
				172CA84E2D9D721700CF6989 /* ALTAccount.h */,
				172CA84F2D9D721700CF6989 /* ALTCertificate.h */,
				172CA8502D9D721700CF6989 /* ALTProvisioningProfile.h */,
				172CA8512D9D721700CF6989 /* ALTSigner.h */,
				172CA8522D9D721700CF6989 /* ALTTeam.h */,
			);
			path = AltStoreCore;
			sourceTree = "<group>";
		};
		172CA85F2D9D721700CF6989 /* LiveContainer */ = {
			isa = PBXGroup;
			children = (
				172CA8A02D9D73D800CF6989 /* Tweaks */,
				172CA8532D9D721700CF6989 /* AltStoreCore */,
				172CA8542D9D721700CF6989 /* dyld_bypass_validation.m */,
				172CA8552D9D721700CF6989 /* FoundationPrivate.h */,
				172CA8562D9D721700CF6989 /* LCSharedUtils.h */,
				172CA8572D9D721700CF6989 /* LCSharedUtils.m */,
				172CA8582D9D721700CF6989 /* Localization.h */,
				172CA8592D9D721700CF6989 /* Localization.m */,
				172CA85A2D9D721700CF6989 /* main.m */,
				172CA85B2D9D721700CF6989 /* TPRO.h */,
				172CA85C2D9D721700CF6989 /* UIKitPrivate.h */,
				172CA85D2D9D721700CF6989 /* utils.h */,
				172CA85E2D9D721700CF6989 /* utils.m */,
			);
			path = LiveContainer;
			sourceTree = "<group>";
		};
		174140B82D9C0F9100F3F928 /* Frameworks */ = {
			isa = PBXGroup;
			children = (
				17554B712DA16988004C6D90 /* OpenSSL.xcframework */,
				174140D52D9C176700F3F928 /* libarchive.tbd */,
			);
			name = Frameworks;
			sourceTree = "<group>";
		};
		17DCE9942C7067EC00731D42 = {
			isa = PBXGroup;
			children = (
				172CA8AD2D9D741F00CF6989 /* fishhook */,
				172CA8992D9D72C300CF6989 /* Resources */,
				172CA8652D9D723200CF6989 /* entitlements.xml */,
				172CA85F2D9D721700CF6989 /* LiveContainer */,
				17413FB62D9C0BAE00F3F928 /* LiveContainerSwiftUI */,
				174140162D9C0C1B00F3F928 /* TweakLoader */,
				174140552D9C0D6D00F3F928 /* ZSign */,
				1741409C2D9C0EDD00F3F928 /* AltStoreTweak */,
				174140AE2D9C0F4100F3F928 /* TestJITLess */,
				174140B82D9C0F9100F3F928 /* Frameworks */,
				17DCE99E2C7067EC00731D42 /* Products */,
			);
			sourceTree = "<group>";
		};
		17DCE99E2C7067EC00731D42 /* Products */ = {
			isa = PBXGroup;
			children = (
				17DCE99D2C7067EC00731D42 /* LiveContainer.app */,
				17413FB52D9C0BAE00F3F928 /* LiveContainerSwiftUI.framework */,
				1741403A2D9C0D0000F3F928 /* TweakLoader.dylib */,
				174140542D9C0D6D00F3F928 /* ZSign.dylib */,
				1741409B2D9C0EDD00F3F928 /* AltStoreTweak.dylib */,
				174140AD2D9C0F4100F3F928 /* TestJITLess.dylib */,
			);
			name = Products;
			sourceTree = "<group>";
		};
/* End PBXGroup section */

/* Begin PBXHeadersBuildPhase section */
		17413FB02D9C0BAE00F3F928 /* Headers */ = {
			isa = PBXHeadersBuildPhase;
			buildActionMask = 2147483647;
			files = (
			);
			runOnlyForDeploymentPostprocessing = 0;
		};
		174140362D9C0D0000F3F928 /* Headers */ = {
			isa = PBXHeadersBuildPhase;
			buildActionMask = 2147483647;
			files = (
			);
			runOnlyForDeploymentPostprocessing = 0;
		};
		174140502D9C0D6D00F3F928 /* Headers */ = {
			isa = PBXHeadersBuildPhase;
			buildActionMask = 2147483647;
			files = (
			);
			runOnlyForDeploymentPostprocessing = 0;
		};
		174140972D9C0EDD00F3F928 /* Headers */ = {
			isa = PBXHeadersBuildPhase;
			buildActionMask = 2147483647;
			files = (
			);
			runOnlyForDeploymentPostprocessing = 0;
		};
		174140A92D9C0F4100F3F928 /* Headers */ = {
			isa = PBXHeadersBuildPhase;
			buildActionMask = 2147483647;
			files = (
			);
			runOnlyForDeploymentPostprocessing = 0;
		};
/* End PBXHeadersBuildPhase section */

/* Begin PBXNativeTarget section */
		17413FB42D9C0BAE00F3F928 /* LiveContainerSwiftUI */ = {
			isa = PBXNativeTarget;
			buildConfigurationList = 17413FBE2D9C0BAE00F3F928 /* Build configuration list for PBXNativeTarget "LiveContainerSwiftUI" */;
			buildPhases = (
				17413FB02D9C0BAE00F3F928 /* Headers */,
				17413FB12D9C0BAE00F3F928 /* Sources */,
				17413FB22D9C0BAE00F3F928 /* Frameworks */,
				17413FB32D9C0BAE00F3F928 /* Resources */,
			);
			buildRules = (
			);
			dependencies = (
			);
			fileSystemSynchronizedGroups = (
				17413FB62D9C0BAE00F3F928 /* LiveContainerSwiftUI */,
			);
			name = LiveContainerSwiftUI;
			packageProductDependencies = (
			);
			productName = LiveContainerSwiftUI;
			productReference = 17413FB52D9C0BAE00F3F928 /* LiveContainerSwiftUI.framework */;
			productType = "com.apple.product-type.framework";
		};
		174140392D9C0D0000F3F928 /* TweakLoader */ = {
			isa = PBXNativeTarget;
			buildConfigurationList = 174140402D9C0D0000F3F928 /* Build configuration list for PBXNativeTarget "TweakLoader" */;
			buildPhases = (
				174140362D9C0D0000F3F928 /* Headers */,
				174140372D9C0D0000F3F928 /* Sources */,
				174140382D9C0D0000F3F928 /* Frameworks */,
			);
			buildRules = (
			);
			dependencies = (
			);
			name = TweakLoader;
			packageProductDependencies = (
			);
			productName = TweakLoader;
			productReference = 1741403A2D9C0D0000F3F928 /* TweakLoader.dylib */;
			productType = "com.apple.product-type.library.dynamic";
		};
		174140532D9C0D6D00F3F928 /* ZSign */ = {
			isa = PBXNativeTarget;
			buildConfigurationList = 1741405A2D9C0D6D00F3F928 /* Build configuration list for PBXNativeTarget "ZSign" */;
			buildPhases = (
				174140502D9C0D6D00F3F928 /* Headers */,
				174140512D9C0D6D00F3F928 /* Sources */,
				174140522D9C0D6D00F3F928 /* Frameworks */,
				17554B762DA169AA004C6D90 /* Embed Frameworks */,
			);
			buildRules = (
			);
			dependencies = (
			);
			fileSystemSynchronizedGroups = (
				174140552D9C0D6D00F3F928 /* ZSign */,
			);
			name = ZSign;
			packageProductDependencies = (
			);
			productName = ZSign;
			productReference = 174140542D9C0D6D00F3F928 /* ZSign.dylib */;
			productType = "com.apple.product-type.library.dynamic";
		};
		1741409A2D9C0EDD00F3F928 /* AltStoreTweak */ = {
			isa = PBXNativeTarget;
			buildConfigurationList = 174140A12D9C0EDE00F3F928 /* Build configuration list for PBXNativeTarget "AltStoreTweak" */;
			buildPhases = (
				174140972D9C0EDD00F3F928 /* Headers */,
				174140982D9C0EDD00F3F928 /* Sources */,
				174140992D9C0EDD00F3F928 /* Frameworks */,
			);
			buildRules = (
			);
			dependencies = (
			);
			fileSystemSynchronizedGroups = (
				1741409C2D9C0EDD00F3F928 /* AltStoreTweak */,
			);
			name = AltStoreTweak;
			packageProductDependencies = (
			);
			productName = AltStoreTweak;
			productReference = 1741409B2D9C0EDD00F3F928 /* AltStoreTweak.dylib */;
			productType = "com.apple.product-type.library.dynamic";
		};
		174140AC2D9C0F4100F3F928 /* TestJITLess */ = {
			isa = PBXNativeTarget;
			buildConfigurationList = 174140B32D9C0F4100F3F928 /* Build configuration list for PBXNativeTarget "TestJITLess" */;
			buildPhases = (
				174140A92D9C0F4100F3F928 /* Headers */,
				174140AA2D9C0F4100F3F928 /* Sources */,
				174140AB2D9C0F4100F3F928 /* Frameworks */,
			);
			buildRules = (
			);
			dependencies = (
			);
			fileSystemSynchronizedGroups = (
				174140AE2D9C0F4100F3F928 /* TestJITLess */,
			);
			name = TestJITLess;
			packageProductDependencies = (
			);
			productName = TestJITLess;
			productReference = 174140AD2D9C0F4100F3F928 /* TestJITLess.dylib */;
			productType = "com.apple.product-type.library.dynamic";
		};
		17DCE99C2C7067EC00731D42 /* LiveContainer */ = {
			isa = PBXNativeTarget;
			buildConfigurationList = 17DCE9DA2C7067ED00731D42 /* Build configuration list for PBXNativeTarget "LiveContainer" */;
			buildPhases = (
				17DCE9992C7067EC00731D42 /* Sources */,
				17554B6A2DA165D8004C6D90 /* Frameworks */,
				17DCE99B2C7067EC00731D42 /* Resources */,
				17DCE9D92C7067ED00731D42 /* Embed Foundation Extensions */,
				17413FC12D9C0BAE00F3F928 /* Embed Frameworks */,
				17D4DA692D9C495E008E7396 /* Run Script */,
			);
			buildRules = (
			);
			dependencies = (
				174140FA2D9C1EDA00F3F928 /* PBXTargetDependency */,
				174140FE2D9C1EDA00F3F928 /* PBXTargetDependency */,
				174141002D9C1EDA00F3F928 /* PBXTargetDependency */,
				1741410F2D9C35F200F3F928 /* PBXTargetDependency */,
			);
			fileSystemSynchronizedGroups = (
				172CA8A02D9D73D800CF6989 /* Tweaks */,
				172CA8AD2D9D741F00CF6989 /* fishhook */,
			);
			name = LiveContainer;
			productName = jump;
			productReference = 17DCE99D2C7067EC00731D42 /* LiveContainer.app */;
			productType = "com.apple.product-type.application";
		};
/* End PBXNativeTarget section */

/* Begin PBXProject section */
		17DCE9952C7067EC00731D42 /* Project object */ = {
			isa = PBXProject;
			attributes = {
				BuildIndependentTargetsInParallel = 1;
				LastSwiftUpdateCheck = 1620;
				LastUpgradeCheck = 1540;
				TargetAttributes = {
					17413FB42D9C0BAE00F3F928 = {
						CreatedOnToolsVersion = 16.2;
					};
					174140392D9C0D0000F3F928 = {
						CreatedOnToolsVersion = 16.2;
					};
					174140532D9C0D6D00F3F928 = {
						CreatedOnToolsVersion = 16.2;
					};
					1741409A2D9C0EDD00F3F928 = {
						CreatedOnToolsVersion = 16.2;
					};
					174140AC2D9C0F4100F3F928 = {
						CreatedOnToolsVersion = 16.2;
					};
					17DCE99C2C7067EC00731D42 = {
						CreatedOnToolsVersion = 15.4;
					};
				};
			};
			buildConfigurationList = 17DCE9982C7067EC00731D42 /* Build configuration list for PBXProject "LiveContainer" */;
			developmentRegion = en;
			hasScannedForEncodings = 0;
			knownRegions = (
				en,
				no,
				Base,
				de,
				he,
				ar,
				el,
				ja,
				uk,
				es_419,
				pt_PT,
				es,
				da,
				it,
				sk,
				zh_CN,
				pt_BR,
				ms,
				sv,
				en_AU,
				cs,
				ko,
				hu,
				tr,
				pl,
				fr_CA,
				vi,
				ru,
				en_GB,
				fr,
				fi,
				id,
				nl,
				th,
				ro,
				zh_HK,
				hr,
				hi,
				ca,
				zh_TW,
			);
			mainGroup = 17DCE9942C7067EC00731D42;
			packageReferences = (
			);
			preferredProjectObjectVersion = 56;
			productRefGroup = 17DCE99E2C7067EC00731D42 /* Products */;
			projectDirPath = "";
			projectRoot = "";
			targets = (
				17DCE99C2C7067EC00731D42 /* LiveContainer */,
				17413FB42D9C0BAE00F3F928 /* LiveContainerSwiftUI */,
				174140392D9C0D0000F3F928 /* TweakLoader */,
				174140532D9C0D6D00F3F928 /* ZSign */,
				1741409A2D9C0EDD00F3F928 /* AltStoreTweak */,
				174140AC2D9C0F4100F3F928 /* TestJITLess */,
			);
		};
/* End PBXProject section */

/* Begin PBXResourcesBuildPhase section */
		17413FB32D9C0BAE00F3F928 /* Resources */ = {
			isa = PBXResourcesBuildPhase;
			buildActionMask = 2147483647;
			files = (
			);
			runOnlyForDeploymentPostprocessing = 0;
		};
		17DCE99B2C7067EC00731D42 /* Resources */ = {
			isa = PBXResourcesBuildPhase;
			buildActionMask = 2147483647;
			files = (
			);
			runOnlyForDeploymentPostprocessing = 0;
		};
/* End PBXResourcesBuildPhase section */

/* Begin PBXShellScriptBuildPhase section */
		17D4DA692D9C495E008E7396 /* Run Script */ = {
			isa = PBXShellScriptBuildPhase;
			buildActionMask = 2147483647;
			files = (
			);
			inputFileListPaths = (
			);
			inputPaths = (
			);
			name = "Run Script";
			outputFileListPaths = (
			);
			outputPaths = (
			);
			runOnlyForDeploymentPostprocessing = 0;
			shellPath = /bin/sh;
			shellScript = "# Type a script or drag a script file from your workspace to insert its path.\nINFO_PLIST=\"${TARGET_BUILD_DIR}\"/\"${INFOPLIST_PATH}\"\n\n# Get current Git branch and commit hash\nCONFIG_BRANCH=$(git rev-parse --abbrev-ref HEAD)\nCONFIG_COMMIT=$(git log -1 --format=%h)\n\n# Combine values into a version info string\nLCVersionInfo=\"$CONFIGURATION ($CONFIG_BRANCH/$CONFIG_COMMIT)\"\n\n/usr/libexec/PlistBuddy -c \"Add :LCVersionInfo string $LCVersionInfo\" \"${INFO_PLIST}\"\ncp \"$TARGET_BUILD_DIR/$CONTENTS_FOLDER_PATH/LiveContainer\" \"$TARGET_BUILD_DIR/$CONTENTS_FOLDER_PATH/LiveContainer_PleaseDoNotShortenTheExecutableNameBecauseItIsUsedToReserveSpaceForOverwritingThankYou\"\ncp -n -r \"$SRCROOT\"/Resources/*.lproj \"$TARGET_BUILD_DIR/$CONTENTS_FOLDER_PATH\"\necho 1\n";
		};
/* End PBXShellScriptBuildPhase section */

/* Begin PBXSourcesBuildPhase section */
		17413FB12D9C0BAE00F3F928 /* Sources */ = {
			isa = PBXSourcesBuildPhase;
			buildActionMask = 2147483647;
			files = (
			);
			runOnlyForDeploymentPostprocessing = 0;
		};
		174140372D9C0D0000F3F928 /* Sources */ = {
			isa = PBXSourcesBuildPhase;
			buildActionMask = 2147483647;
			files = (
			);
			runOnlyForDeploymentPostprocessing = 0;
		};
		174140512D9C0D6D00F3F928 /* Sources */ = {
			isa = PBXSourcesBuildPhase;
			buildActionMask = 2147483647;
			files = (
			);
			runOnlyForDeploymentPostprocessing = 0;
		};
		174140982D9C0EDD00F3F928 /* Sources */ = {
			isa = PBXSourcesBuildPhase;
			buildActionMask = 2147483647;
			files = (
			);
			runOnlyForDeploymentPostprocessing = 0;
		};
		174140AA2D9C0F4100F3F928 /* Sources */ = {
			isa = PBXSourcesBuildPhase;
			buildActionMask = 2147483647;
			files = (
			);
			runOnlyForDeploymentPostprocessing = 0;
		};
		17DCE9992C7067EC00731D42 /* Sources */ = {
			isa = PBXSourcesBuildPhase;
			buildActionMask = 2147483647;
			files = (
				172CA8602D9D721700CF6989 /* dyld_bypass_validation.m in Sources */,
				172CA8612D9D721700CF6989 /* Localization.m in Sources */,
				172CA8622D9D721700CF6989 /* LCSharedUtils.m in Sources */,
				172CA8632D9D721700CF6989 /* main.m in Sources */,
				172CA8642D9D721700CF6989 /* utils.m in Sources */,
			);
			runOnlyForDeploymentPostprocessing = 0;
		};
/* End PBXSourcesBuildPhase section */

/* Begin PBXTargetDependency section */
		174140FA2D9C1EDA00F3F928 /* PBXTargetDependency */ = {
			isa = PBXTargetDependency;
			target = 17413FB42D9C0BAE00F3F928 /* LiveContainerSwiftUI */;
			targetProxy = 174140F92D9C1EDA00F3F928 /* PBXContainerItemProxy */;
		};
		174140FE2D9C1EDA00F3F928 /* PBXTargetDependency */ = {
			isa = PBXTargetDependency;
			target = 174140392D9C0D0000F3F928 /* TweakLoader */;
			targetProxy = 174140FD2D9C1EDA00F3F928 /* PBXContainerItemProxy */;
		};
		174141002D9C1EDA00F3F928 /* PBXTargetDependency */ = {
			isa = PBXTargetDependency;
			target = 174140532D9C0D6D00F3F928 /* ZSign */;
			targetProxy = 174140FF2D9C1EDA00F3F928 /* PBXContainerItemProxy */;
		};
		1741410F2D9C35F200F3F928 /* PBXTargetDependency */ = {
			isa = PBXTargetDependency;
			target = 1741409A2D9C0EDD00F3F928 /* AltStoreTweak */;
			targetProxy = 1741410E2D9C35F200F3F928 /* PBXContainerItemProxy */;
		};
/* End PBXTargetDependency section */

/* Begin XCBuildConfiguration section */
		17413FBF2D9C0BAE00F3F928 /* Debug */ = {
			isa = XCBuildConfiguration;
			buildSettings = {
				BUILD_LIBRARY_FOR_DISTRIBUTION = NO;
				CODE_SIGN_STYLE = Automatic;
				CURRENT_PROJECT_VERSION = 1;
				DEFINES_MODULE = YES;
				DEVELOPMENT_TEAM = "";
				DYLIB_COMPATIBILITY_VERSION = 1;
				DYLIB_CURRENT_VERSION = 1;
				DYLIB_INSTALL_NAME_BASE = "@rpath";
				ENABLE_MODULE_VERIFIER = YES;
				GENERATE_INFOPLIST_FILE = YES;
				INFOPLIST_KEY_NSHumanReadableCopyright = "";
				INSTALL_PATH = "$(LOCAL_LIBRARY_DIR)/Frameworks";
				IPHONEOS_DEPLOYMENT_TARGET = 15.0;
				LD_RUNPATH_SEARCH_PATHS = (
					"$(inherited)",
					"@executable_path/Frameworks",
					"@loader_path/Frameworks",
				);
				MARKETING_VERSION = 1.0;
				MODULE_VERIFIER_SUPPORTED_LANGUAGES = "objective-c objective-c++";
				MODULE_VERIFIER_SUPPORTED_LANGUAGE_STANDARDS = "gnu17 gnu++20";
				OTHER_CFLAGS = (
					"-DCONFIG_TYPE=\\\"$(CONFIG_TYPE)\\\"",
					"-DCONFIG_BRANCH=\\\"$(CONFIG_BRANCH)\\\"",
					"-DCONFIG_COMMIT=\\\"$(CONFIG_COMMIT)\\\"",
				);
				OTHER_LDFLAGS = "";
				PRODUCT_BUNDLE_IDENTIFIER = com.kdtLiveContainerSwiftUI;
				PRODUCT_NAME = "$(TARGET_NAME:c99extidentifier)";
				SKIP_INSTALL = YES;
				SWIFT_EMIT_LOC_STRINGS = NO;
				SWIFT_INSTALL_OBJC_HEADER = NO;
				SWIFT_OBJC_BRIDGING_HEADER = "LiveContainerSwiftUI/LiveContainerSwiftUI-Bridging-Header.h";
				SWIFT_VERSION = 5.0;
				TARGETED_DEVICE_FAMILY = "1,2";
				VERSIONING_SYSTEM = "apple-generic";
				VERSION_INFO_PREFIX = "";
			};
			name = Debug;
		};
		17413FC02D9C0BAE00F3F928 /* Release */ = {
			isa = XCBuildConfiguration;
			buildSettings = {
				BUILD_LIBRARY_FOR_DISTRIBUTION = NO;
				CODE_SIGN_STYLE = Automatic;
				CURRENT_PROJECT_VERSION = 1;
				DEFINES_MODULE = YES;
				DEVELOPMENT_TEAM = "";
				DYLIB_COMPATIBILITY_VERSION = 1;
				DYLIB_CURRENT_VERSION = 1;
				DYLIB_INSTALL_NAME_BASE = "@rpath";
				ENABLE_MODULE_VERIFIER = YES;
				GENERATE_INFOPLIST_FILE = YES;
				INFOPLIST_KEY_NSHumanReadableCopyright = "";
				INSTALL_PATH = "$(LOCAL_LIBRARY_DIR)/Frameworks";
				IPHONEOS_DEPLOYMENT_TARGET = 15.0;
				LD_RUNPATH_SEARCH_PATHS = (
					"$(inherited)",
					"@executable_path/Frameworks",
					"@loader_path/Frameworks",
				);
				MARKETING_VERSION = 1.0;
				MODULE_VERIFIER_SUPPORTED_LANGUAGES = "objective-c objective-c++";
				MODULE_VERIFIER_SUPPORTED_LANGUAGE_STANDARDS = "gnu17 gnu++20";
				OTHER_CFLAGS = (
					"-DCONFIG_TYPE=\\\"$(CONFIG_TYPE)\\\"",
					"-DCONFIG_BRANCH=\\\"$(CONFIG_BRANCH)\\\"",
					"-DCONFIG_COMMIT=\\\"$(CONFIG_COMMIT)\\\"",
				);
				OTHER_LDFLAGS = "";
				PRODUCT_BUNDLE_IDENTIFIER = com.kdtLiveContainerSwiftUI;
				PRODUCT_NAME = "$(TARGET_NAME:c99extidentifier)";
				SKIP_INSTALL = YES;
				SWIFT_EMIT_LOC_STRINGS = NO;
				SWIFT_INSTALL_OBJC_HEADER = NO;
				SWIFT_OBJC_BRIDGING_HEADER = "LiveContainerSwiftUI/LiveContainerSwiftUI-Bridging-Header.h";
				SWIFT_VERSION = 5.0;
				TARGETED_DEVICE_FAMILY = "1,2";
				VERSIONING_SYSTEM = "apple-generic";
				VERSION_INFO_PREFIX = "";
			};
			name = Release;
		};
		174140412D9C0D0000F3F928 /* Debug */ = {
			isa = XCBuildConfiguration;
			buildSettings = {
				CODE_SIGN_STYLE = Automatic;
				DEVELOPMENT_TEAM = 3C3YHUUV75;
				DYLIB_COMPATIBILITY_VERSION = 1;
				DYLIB_CURRENT_VERSION = 1;
				EXECUTABLE_PREFIX = "";
				IPHONEOS_DEPLOYMENT_TARGET = 15.0;
				MACOSX_DEPLOYMENT_TARGET = 15.2;
				OTHER_LDFLAGS = (
					"-Wl,-U,_OBJC_CLASS_$_FBSSceneParameters",
					"-Wl,-U,_OBJC_CLASS_$_LSApplicationWorkspace",
				);
				PRODUCT_NAME = "$(TARGET_NAME)";
				SDKROOT = iphoneos;
				SKIP_INSTALL = YES;
				SUPPORTED_PLATFORMS = "iphoneos iphonesimulator";
				SUPPORTS_MACCATALYST = NO;
				TARGETED_DEVICE_FAMILY = "1,2";
			};
			name = Debug;
		};
		174140422D9C0D0000F3F928 /* Release */ = {
			isa = XCBuildConfiguration;
			buildSettings = {
				CODE_SIGN_STYLE = Automatic;
				DEVELOPMENT_TEAM = 3C3YHUUV75;
				DYLIB_COMPATIBILITY_VERSION = 1;
				DYLIB_CURRENT_VERSION = 1;
				EXECUTABLE_PREFIX = "";
				IPHONEOS_DEPLOYMENT_TARGET = 15.0;
				MACOSX_DEPLOYMENT_TARGET = 15.2;
				OTHER_LDFLAGS = (
					"-Wl,-U,_OBJC_CLASS_$_FBSSceneParameters",
					"-Wl,-U,_OBJC_CLASS_$_LSApplicationWorkspace",
				);
				PRODUCT_NAME = "$(TARGET_NAME)";
				SDKROOT = iphoneos;
				SKIP_INSTALL = YES;
				SUPPORTED_PLATFORMS = "iphoneos iphonesimulator";
				SUPPORTS_MACCATALYST = NO;
				TARGETED_DEVICE_FAMILY = "1,2";
			};
			name = Release;
		};
		1741405B2D9C0D6D00F3F928 /* Debug */ = {
			isa = XCBuildConfiguration;
			buildSettings = {
				CODE_SIGN_STYLE = Automatic;
				DEVELOPMENT_ASSET_PATHS = OpenSSL/Frameworks/iphoneos/OpenSSL.framework;
				DEVELOPMENT_TEAM = 3C3YHUUV75;
				DYLIB_COMPATIBILITY_VERSION = 1;
				DYLIB_CURRENT_VERSION = 1;
				EXECUTABLE_PREFIX = "";
				FRAMEWORK_SEARCH_PATHS = (
					"$(inherited)",
					"$(PROJECT_DIR)/OpenSSL/Frameworks/iphoneos",
				);
				IPHONEOS_DEPLOYMENT_TARGET = 15.0;
				LOCALIZED_STRING_SWIFTUI_SUPPORT = NO;
				MACOSX_DEPLOYMENT_TARGET = 15.2;
				PRODUCT_NAME = "$(TARGET_NAME)";
				SDKROOT = iphoneos;
				SKIP_INSTALL = YES;
				SUPPORTED_PLATFORMS = "iphoneos iphonesimulator";
				SUPPORTS_MACCATALYST = NO;
				TARGETED_DEVICE_FAMILY = "1,2";
			};
			name = Debug;
		};
		1741405C2D9C0D6D00F3F928 /* Release */ = {
			isa = XCBuildConfiguration;
			buildSettings = {
				CODE_SIGN_STYLE = Automatic;
				DEVELOPMENT_ASSET_PATHS = OpenSSL/Frameworks/iphoneos/OpenSSL.framework;
				DEVELOPMENT_TEAM = 3C3YHUUV75;
				DYLIB_COMPATIBILITY_VERSION = 1;
				DYLIB_CURRENT_VERSION = 1;
				EXECUTABLE_PREFIX = "";
				FRAMEWORK_SEARCH_PATHS = (
					"$(inherited)",
					"$(PROJECT_DIR)/OpenSSL/Frameworks/iphoneos",
				);
				IPHONEOS_DEPLOYMENT_TARGET = 15.0;
				LOCALIZED_STRING_SWIFTUI_SUPPORT = NO;
				MACOSX_DEPLOYMENT_TARGET = 15.2;
				PRODUCT_NAME = "$(TARGET_NAME)";
				SDKROOT = iphoneos;
				SKIP_INSTALL = YES;
				SUPPORTED_PLATFORMS = "iphoneos iphonesimulator";
				SUPPORTS_MACCATALYST = NO;
				TARGETED_DEVICE_FAMILY = "1,2";
			};
			name = Release;
		};
		174140A22D9C0EDE00F3F928 /* Debug */ = {
			isa = XCBuildConfiguration;
			buildSettings = {
				CODE_SIGN_STYLE = Automatic;
				DEVELOPMENT_TEAM = 3C3YHUUV75;
				DYLIB_COMPATIBILITY_VERSION = 1;
				DYLIB_CURRENT_VERSION = 1;
				EXECUTABLE_PREFIX = "";
				IPHONEOS_DEPLOYMENT_TARGET = 15.0;
				MACOSX_DEPLOYMENT_TARGET = 15.2;
				PRODUCT_NAME = "$(TARGET_NAME)";
				SDKROOT = iphoneos;
				SKIP_INSTALL = YES;
				SUPPORTED_PLATFORMS = "iphoneos iphonesimulator";
				SUPPORTS_MACCATALYST = NO;
				TARGETED_DEVICE_FAMILY = "1,2";
			};
			name = Debug;
		};
		174140A32D9C0EDE00F3F928 /* Release */ = {
			isa = XCBuildConfiguration;
			buildSettings = {
				CODE_SIGN_STYLE = Automatic;
				DEVELOPMENT_TEAM = 3C3YHUUV75;
				DYLIB_COMPATIBILITY_VERSION = 1;
				DYLIB_CURRENT_VERSION = 1;
				EXECUTABLE_PREFIX = "";
				IPHONEOS_DEPLOYMENT_TARGET = 15.0;
				MACOSX_DEPLOYMENT_TARGET = 15.2;
				PRODUCT_NAME = "$(TARGET_NAME)";
				SDKROOT = iphoneos;
				SKIP_INSTALL = YES;
				SUPPORTED_PLATFORMS = "iphoneos iphonesimulator";
				SUPPORTS_MACCATALYST = NO;
				TARGETED_DEVICE_FAMILY = "1,2";
			};
			name = Release;
		};
		174140B42D9C0F4100F3F928 /* Debug */ = {
			isa = XCBuildConfiguration;
			buildSettings = {
				CODE_SIGN_STYLE = Automatic;
				DEVELOPMENT_TEAM = 3C3YHUUV75;
				DYLIB_COMPATIBILITY_VERSION = 1;
				DYLIB_CURRENT_VERSION = 1;
				EXECUTABLE_PREFIX = "";
				IPHONEOS_DEPLOYMENT_TARGET = 15.0;
				MACOSX_DEPLOYMENT_TARGET = 15.2;
				PRODUCT_NAME = "$(TARGET_NAME)";
				SDKROOT = iphoneos;
				SKIP_INSTALL = YES;
			};
			name = Debug;
		};
		174140B52D9C0F4100F3F928 /* Release */ = {
			isa = XCBuildConfiguration;
			buildSettings = {
				CODE_SIGN_STYLE = Automatic;
				DEVELOPMENT_TEAM = 3C3YHUUV75;
				DYLIB_COMPATIBILITY_VERSION = 1;
				DYLIB_CURRENT_VERSION = 1;
				EXECUTABLE_PREFIX = "";
				IPHONEOS_DEPLOYMENT_TARGET = 15.0;
				MACOSX_DEPLOYMENT_TARGET = 15.2;
				PRODUCT_NAME = "$(TARGET_NAME)";
				SDKROOT = iphoneos;
				SKIP_INSTALL = YES;
			};
			name = Release;
		};
		17DCE9D42C7067ED00731D42 /* Debug */ = {
			isa = XCBuildConfiguration;
			buildSettings = {
				ALWAYS_SEARCH_USER_PATHS = NO;
				ASSETCATALOG_COMPILER_GENERATE_SWIFT_ASSET_SYMBOL_EXTENSIONS = YES;
				CLANG_ANALYZER_NONNULL = YES;
				CLANG_ANALYZER_NUMBER_OBJECT_CONVERSION = YES_AGGRESSIVE;
				CLANG_CXX_LANGUAGE_STANDARD = "gnu++20";
				CLANG_ENABLE_MODULES = YES;
				CLANG_ENABLE_OBJC_ARC = YES;
				CLANG_ENABLE_OBJC_WEAK = YES;
				CLANG_WARN_BLOCK_CAPTURE_AUTORELEASING = YES;
				CLANG_WARN_BOOL_CONVERSION = YES;
				CLANG_WARN_COMMA = YES;
				CLANG_WARN_CONSTANT_CONVERSION = YES;
				CLANG_WARN_DEPRECATED_OBJC_IMPLEMENTATIONS = YES;
				CLANG_WARN_DIRECT_OBJC_ISA_USAGE = YES_ERROR;
				CLANG_WARN_DOCUMENTATION_COMMENTS = YES;
				CLANG_WARN_EMPTY_BODY = YES;
				CLANG_WARN_ENUM_CONVERSION = YES;
				CLANG_WARN_INFINITE_RECURSION = YES;
				CLANG_WARN_INT_CONVERSION = YES;
				CLANG_WARN_NON_LITERAL_NULL_CONVERSION = YES;
				CLANG_WARN_OBJC_IMPLICIT_RETAIN_SELF = YES;
				CLANG_WARN_OBJC_LITERAL_CONVERSION = YES;
				CLANG_WARN_OBJC_ROOT_CLASS = YES_ERROR;
				CLANG_WARN_QUOTED_INCLUDE_IN_FRAMEWORK_HEADER = YES;
				CLANG_WARN_RANGE_LOOP_ANALYSIS = YES;
				CLANG_WARN_STRICT_PROTOTYPES = YES;
				CLANG_WARN_SUSPICIOUS_MOVE = YES;
				CLANG_WARN_UNGUARDED_AVAILABILITY = YES_AGGRESSIVE;
				CLANG_WARN_UNREACHABLE_CODE = YES;
				CLANG_WARN__DUPLICATE_METHOD_MATCH = YES;
				COPY_PHASE_STRIP = NO;
				DEBUG_INFORMATION_FORMAT = dwarf;
				ENABLE_STRICT_OBJC_MSGSEND = YES;
				ENABLE_TESTABILITY = YES;
				ENABLE_USER_SCRIPT_SANDBOXING = NO;
				GCC_C_LANGUAGE_STANDARD = gnu17;
				GCC_DYNAMIC_NO_PIC = NO;
				GCC_NO_COMMON_BLOCKS = YES;
				GCC_OPTIMIZATION_LEVEL = 0;
				GCC_PREPROCESSOR_DEFINITIONS = (
					"DEBUG=1",
					"$(inherited)",
				);
				GCC_WARN_64_TO_32_BIT_CONVERSION = YES;
				GCC_WARN_ABOUT_RETURN_TYPE = YES_ERROR;
				GCC_WARN_UNDECLARED_SELECTOR = YES;
				GCC_WARN_UNINITIALIZED_AUTOS = YES_AGGRESSIVE;
				GCC_WARN_UNUSED_FUNCTION = YES;
				GCC_WARN_UNUSED_VARIABLE = YES;
				IPHONEOS_DEPLOYMENT_TARGET = 17.5;
				LOCALIZATION_PREFERS_STRING_CATALOGS = YES;
				LOCALIZED_STRING_SWIFTUI_SUPPORT = NO;
				MTL_ENABLE_DEBUG_INFO = INCLUDE_SOURCE;
				MTL_FAST_MATH = YES;
				ONLY_ACTIVE_ARCH = YES;
				SDKROOT = iphoneos;
				SWIFT_ACTIVE_COMPILATION_CONDITIONS = "DEBUG $(inherited)";
				SWIFT_OPTIMIZATION_LEVEL = "-Onone";
			};
			name = Debug;
		};
		17DCE9D52C7067ED00731D42 /* Release */ = {
			isa = XCBuildConfiguration;
			buildSettings = {
				ALWAYS_SEARCH_USER_PATHS = NO;
				ASSETCATALOG_COMPILER_GENERATE_SWIFT_ASSET_SYMBOL_EXTENSIONS = YES;
				CLANG_ANALYZER_NONNULL = YES;
				CLANG_ANALYZER_NUMBER_OBJECT_CONVERSION = YES_AGGRESSIVE;
				CLANG_CXX_LANGUAGE_STANDARD = "gnu++20";
				CLANG_ENABLE_MODULES = YES;
				CLANG_ENABLE_OBJC_ARC = YES;
				CLANG_ENABLE_OBJC_WEAK = YES;
				CLANG_WARN_BLOCK_CAPTURE_AUTORELEASING = YES;
				CLANG_WARN_BOOL_CONVERSION = YES;
				CLANG_WARN_COMMA = YES;
				CLANG_WARN_CONSTANT_CONVERSION = YES;
				CLANG_WARN_DEPRECATED_OBJC_IMPLEMENTATIONS = YES;
				CLANG_WARN_DIRECT_OBJC_ISA_USAGE = YES_ERROR;
				CLANG_WARN_DOCUMENTATION_COMMENTS = YES;
				CLANG_WARN_EMPTY_BODY = YES;
				CLANG_WARN_ENUM_CONVERSION = YES;
				CLANG_WARN_INFINITE_RECURSION = YES;
				CLANG_WARN_INT_CONVERSION = YES;
				CLANG_WARN_NON_LITERAL_NULL_CONVERSION = YES;
				CLANG_WARN_OBJC_IMPLICIT_RETAIN_SELF = YES;
				CLANG_WARN_OBJC_LITERAL_CONVERSION = YES;
				CLANG_WARN_OBJC_ROOT_CLASS = YES_ERROR;
				CLANG_WARN_QUOTED_INCLUDE_IN_FRAMEWORK_HEADER = YES;
				CLANG_WARN_RANGE_LOOP_ANALYSIS = YES;
				CLANG_WARN_STRICT_PROTOTYPES = YES;
				CLANG_WARN_SUSPICIOUS_MOVE = YES;
				CLANG_WARN_UNGUARDED_AVAILABILITY = YES_AGGRESSIVE;
				CLANG_WARN_UNREACHABLE_CODE = YES;
				CLANG_WARN__DUPLICATE_METHOD_MATCH = YES;
				COPY_PHASE_STRIP = NO;
				DEBUG_INFORMATION_FORMAT = "dwarf-with-dsym";
				ENABLE_NS_ASSERTIONS = NO;
				ENABLE_STRICT_OBJC_MSGSEND = YES;
				ENABLE_USER_SCRIPT_SANDBOXING = NO;
				GCC_C_LANGUAGE_STANDARD = gnu17;
				GCC_NO_COMMON_BLOCKS = YES;
				GCC_WARN_64_TO_32_BIT_CONVERSION = YES;
				GCC_WARN_ABOUT_RETURN_TYPE = YES_ERROR;
				GCC_WARN_UNDECLARED_SELECTOR = YES;
				GCC_WARN_UNINITIALIZED_AUTOS = YES_AGGRESSIVE;
				GCC_WARN_UNUSED_FUNCTION = YES;
				GCC_WARN_UNUSED_VARIABLE = YES;
				IPHONEOS_DEPLOYMENT_TARGET = 17.5;
				LOCALIZATION_PREFERS_STRING_CATALOGS = YES;
				LOCALIZED_STRING_SWIFTUI_SUPPORT = NO;
				MTL_ENABLE_DEBUG_INFO = NO;
				MTL_FAST_MATH = YES;
				SDKROOT = iphoneos;
				SWIFT_COMPILATION_MODE = wholemodule;
				VALIDATE_PRODUCT = YES;
			};
			name = Release;
		};
		17DCE9DB2C7067ED00731D42 /* Debug */ = {
			isa = XCBuildConfiguration;
			buildSettings = {
				ASSETCATALOG_COMPILER_APPICON_NAME = AppIcon;
				ASSETCATALOG_COMPILER_GLOBAL_ACCENT_COLOR_NAME = AccentColor;
				ASSETCATALOG_COMPILER_INCLUDE_ALL_APPICON_ASSETS = NO;
				CODE_SIGNING_ALLOWED = YES;
				CODE_SIGN_ENTITLEMENTS = entitlements.xml;
				CODE_SIGN_IDENTITY = "Apple Development";
				CODE_SIGN_STYLE = Automatic;
				CURRENT_PROJECT_VERSION = 1;
				DEVELOPMENT_TEAM = AAAAA11111;
				FRAMEWORK_SEARCH_PATHS = (
					"$(inherited)",
					"$(PROJECT_DIR)/Resources/Frameworks",
					"$(PROJECT_DIR)/OpenSSL/Frameworks/iphoneos",
				);
				GENERATE_INFOPLIST_FILE = NO;
				INFOPLIST_FILE = Resources/Info.plist;
				INFOPLIST_KEY_CFBundleDisplayName = LiveContainer;
				INFOPLIST_KEY_UIApplicationSupportsIndirectInputEvents = YES;
				INFOPLIST_KEY_UILaunchStoryboardName = LaunchScreen;
				INFOPLIST_KEY_UIMainStoryboardFile = Main;
				INFOPLIST_KEY_UISupportedInterfaceOrientations_iPad = "UIInterfaceOrientationPortrait UIInterfaceOrientationPortraitUpsideDown UIInterfaceOrientationLandscapeLeft UIInterfaceOrientationLandscapeRight";
				INFOPLIST_KEY_UISupportedInterfaceOrientations_iPhone = "UIInterfaceOrientationPortrait UIInterfaceOrientationLandscapeLeft UIInterfaceOrientationLandscapeRight";
				IPHONEOS_DEPLOYMENT_TARGET = 15.0;
				LD_RUNPATH_SEARCH_PATHS = (
					"$(inherited)",
					"@executable_path/Frameworks",
				);
				MARKETING_VERSION = 3.3.53;
				NEW_SETTING = "";
				OTHER_LDFLAGS = (
					"-e",
					_LiveContainerMain,
				);
				PRODUCT_BUNDLE_IDENTIFIER = com.kdt.livecontainer;
				PRODUCT_NAME = LiveContainer;
				PROVISIONING_PROFILE_SPECIFIER = "";
				SWIFT_EMIT_LOC_STRINGS = NO;
				SWIFT_VERSION = 5.0;
				TARGETED_DEVICE_FAMILY = "1,2";
			};
			name = Debug;
		};
		17DCE9DC2C7067ED00731D42 /* Release */ = {
			isa = XCBuildConfiguration;
			buildSettings = {
				ASSETCATALOG_COMPILER_APPICON_NAME = AppIcon;
				ASSETCATALOG_COMPILER_GLOBAL_ACCENT_COLOR_NAME = AccentColor;
				ASSETCATALOG_COMPILER_INCLUDE_ALL_APPICON_ASSETS = NO;
				CODE_SIGNING_ALLOWED = YES;
				CODE_SIGN_ENTITLEMENTS = entitlements.xml;
				CODE_SIGN_IDENTITY = "Apple Development";
				CODE_SIGN_STYLE = Automatic;
				CURRENT_PROJECT_VERSION = 1;
				DEVELOPMENT_TEAM = AAAAA11111;
				FRAMEWORK_SEARCH_PATHS = (
					"$(inherited)",
					"$(PROJECT_DIR)/Resources/Frameworks",
					"$(PROJECT_DIR)/OpenSSL/Frameworks/iphoneos",
				);
				GENERATE_INFOPLIST_FILE = NO;
				INFOPLIST_FILE = Resources/Info.plist;
				INFOPLIST_KEY_CFBundleDisplayName = LiveContainer;
				INFOPLIST_KEY_UIApplicationSupportsIndirectInputEvents = YES;
				INFOPLIST_KEY_UILaunchStoryboardName = LaunchScreen;
				INFOPLIST_KEY_UIMainStoryboardFile = Main;
				INFOPLIST_KEY_UISupportedInterfaceOrientations_iPad = "UIInterfaceOrientationPortrait UIInterfaceOrientationPortraitUpsideDown UIInterfaceOrientationLandscapeLeft UIInterfaceOrientationLandscapeRight";
				INFOPLIST_KEY_UISupportedInterfaceOrientations_iPhone = "UIInterfaceOrientationPortrait UIInterfaceOrientationLandscapeLeft UIInterfaceOrientationLandscapeRight";
				IPHONEOS_DEPLOYMENT_TARGET = 15.0;
				LD_RUNPATH_SEARCH_PATHS = (
					"$(inherited)",
					"@executable_path/Frameworks",
				);
				MARKETING_VERSION = 3.3.53;
				NEW_SETTING = "";
				OTHER_LDFLAGS = (
					"-e",
					_LiveContainerMain,
				);
				PRODUCT_BUNDLE_IDENTIFIER = com.kdt.livecontainer;
				PRODUCT_NAME = LiveContainer;
				PROVISIONING_PROFILE_SPECIFIER = "";
				SWIFT_EMIT_LOC_STRINGS = NO;
				SWIFT_VERSION = 5.0;
				TARGETED_DEVICE_FAMILY = "1,2";
			};
			name = Release;
		};
/* End XCBuildConfiguration section */

/* Begin XCConfigurationList section */
		17413FBE2D9C0BAE00F3F928 /* Build configuration list for PBXNativeTarget "LiveContainerSwiftUI" */ = {
			isa = XCConfigurationList;
			buildConfigurations = (
				17413FBF2D9C0BAE00F3F928 /* Debug */,
				17413FC02D9C0BAE00F3F928 /* Release */,
			);
			defaultConfigurationIsVisible = 0;
			defaultConfigurationName = Release;
		};
		174140402D9C0D0000F3F928 /* Build configuration list for PBXNativeTarget "TweakLoader" */ = {
			isa = XCConfigurationList;
			buildConfigurations = (
				174140412D9C0D0000F3F928 /* Debug */,
				174140422D9C0D0000F3F928 /* Release */,
			);
			defaultConfigurationIsVisible = 0;
			defaultConfigurationName = Release;
		};
		1741405A2D9C0D6D00F3F928 /* Build configuration list for PBXNativeTarget "ZSign" */ = {
			isa = XCConfigurationList;
			buildConfigurations = (
				1741405B2D9C0D6D00F3F928 /* Debug */,
				1741405C2D9C0D6D00F3F928 /* Release */,
			);
			defaultConfigurationIsVisible = 0;
			defaultConfigurationName = Release;
		};
		174140A12D9C0EDE00F3F928 /* Build configuration list for PBXNativeTarget "AltStoreTweak" */ = {
			isa = XCConfigurationList;
			buildConfigurations = (
				174140A22D9C0EDE00F3F928 /* Debug */,
				174140A32D9C0EDE00F3F928 /* Release */,
			);
			defaultConfigurationIsVisible = 0;
			defaultConfigurationName = Release;
		};
		174140B32D9C0F4100F3F928 /* Build configuration list for PBXNativeTarget "TestJITLess" */ = {
			isa = XCConfigurationList;
			buildConfigurations = (
				174140B42D9C0F4100F3F928 /* Debug */,
				174140B52D9C0F4100F3F928 /* Release */,
			);
			defaultConfigurationIsVisible = 0;
			defaultConfigurationName = Release;
		};
		17DCE9982C7067EC00731D42 /* Build configuration list for PBXProject "LiveContainer" */ = {
			isa = XCConfigurationList;
			buildConfigurations = (
				17DCE9D42C7067ED00731D42 /* Debug */,
				17DCE9D52C7067ED00731D42 /* Release */,
			);
			defaultConfigurationIsVisible = 0;
			defaultConfigurationName = Release;
		};
		17DCE9DA2C7067ED00731D42 /* Build configuration list for PBXNativeTarget "LiveContainer" */ = {
			isa = XCConfigurationList;
			buildConfigurations = (
				17DCE9DB2C7067ED00731D42 /* Debug */,
				17DCE9DC2C7067ED00731D42 /* Release */,
			);
			defaultConfigurationIsVisible = 0;
			defaultConfigurationName = Release;
		};
/* End XCConfigurationList section */
	};
	rootObject = 17DCE9952C7067EC00731D42 /* Project object */;
}
